// !$*UTF8*$!
{
	archiveVersion = 1;
	classes = {
	};
	objectVersion = 50;
	objects = {

/* Begin PBXBuildFile section */
		B32BA44422AFC0E9008D839E /* AppDelegate.swift in Sources */ = {isa = PBXBuildFile; fileRef = B32BA44322AFC0E9008D839E /* AppDelegate.swift */; };
		B32BA44622AFC0E9008D839E /* ViewController.swift in Sources */ = {isa = PBXBuildFile; fileRef = B32BA44522AFC0E9008D839E /* ViewController.swift */; };
		B32BA44922AFC0E9008D839E /* Main.storyboard in Resources */ = {isa = PBXBuildFile; fileRef = B32BA44722AFC0E9008D839E /* Main.storyboard */; };
		B32BA44C22AFC0E9008D839E /* Examentimer.xcdatamodeld in Sources */ = {isa = PBXBuildFile; fileRef = B32BA44A22AFC0E9008D839E /* Examentimer.xcdatamodeld */; };
		B32BA44E22AFC0EC008D839E /* Assets.xcassets in Resources */ = {isa = PBXBuildFile; fileRef = B32BA44D22AFC0EC008D839E /* Assets.xcassets */; };
		B32BA45122AFC0EC008D839E /* LaunchScreen.storyboard in Resources */ = {isa = PBXBuildFile; fileRef = B32BA44F22AFC0EC008D839E /* LaunchScreen.storyboard */; };
		B32BA45C22AFC0EC008D839E /* ExamentimerTests.swift in Sources */ = {isa = PBXBuildFile; fileRef = B32BA45B22AFC0EC008D839E /* ExamentimerTests.swift */; };
		B32BA46722AFC0EC008D839E /* ExamentimerUITests.swift in Sources */ = {isa = PBXBuildFile; fileRef = B32BA46622AFC0EC008D839E /* ExamentimerUITests.swift */; };
/* End PBXBuildFile section */

/* Begin PBXContainerItemProxy section */
		B32BA45822AFC0EC008D839E /* PBXContainerItemProxy */ = {
			isa = PBXContainerItemProxy;
			containerPortal = B32BA43822AFC0E9008D839E /* Project object */;
			proxyType = 1;
			remoteGlobalIDString = B32BA43F22AFC0E9008D839E;
			remoteInfo = Examentimer;
		};
		B32BA46322AFC0EC008D839E /* PBXContainerItemProxy */ = {
			isa = PBXContainerItemProxy;
			containerPortal = B32BA43822AFC0E9008D839E /* Project object */;
			proxyType = 1;
			remoteGlobalIDString = B32BA43F22AFC0E9008D839E;
			remoteInfo = Examentimer;
		};
/* End PBXContainerItemProxy section */

/* Begin PBXFileReference section */
		B32BA44022AFC0E9008D839E /* Examentimer.app */ = {isa = PBXFileReference; explicitFileType = wrapper.application; includeInIndex = 0; path = Examentimer.app; sourceTree = BUILT_PRODUCTS_DIR; };
		B32BA44322AFC0E9008D839E /* AppDelegate.swift */ = {isa = PBXFileReference; lastKnownFileType = sourcecode.swift; path = AppDelegate.swift; sourceTree = "<group>"; };
		B32BA44522AFC0E9008D839E /* ViewController.swift */ = {isa = PBXFileReference; lastKnownFileType = sourcecode.swift; path = ViewController.swift; sourceTree = "<group>"; };
		B32BA44822AFC0E9008D839E /* Base */ = {isa = PBXFileReference; lastKnownFileType = file.storyboard; name = Base; path = Base.lproj/Main.storyboard; sourceTree = "<group>"; };
		B32BA44B22AFC0E9008D839E /* Examentimer.xcdatamodel */ = {isa = PBXFileReference; lastKnownFileType = wrapper.xcdatamodel; path = Examentimer.xcdatamodel; sourceTree = "<group>"; };
		B32BA44D22AFC0EC008D839E /* Assets.xcassets */ = {isa = PBXFileReference; lastKnownFileType = folder.assetcatalog; path = Assets.xcassets; sourceTree = "<group>"; };
		B32BA45022AFC0EC008D839E /* Base */ = {isa = PBXFileReference; lastKnownFileType = file.storyboard; name = Base; path = Base.lproj/LaunchScreen.storyboard; sourceTree = "<group>"; };
		B32BA45222AFC0EC008D839E /* Info.plist */ = {isa = PBXFileReference; lastKnownFileType = text.plist.xml; path = Info.plist; sourceTree = "<group>"; };
		B32BA45722AFC0EC008D839E /* ExamentimerTests.xctest */ = {isa = PBXFileReference; explicitFileType = wrapper.cfbundle; includeInIndex = 0; path = ExamentimerTests.xctest; sourceTree = BUILT_PRODUCTS_DIR; };
		B32BA45B22AFC0EC008D839E /* ExamentimerTests.swift */ = {isa = PBXFileReference; lastKnownFileType = sourcecode.swift; path = ExamentimerTests.swift; sourceTree = "<group>"; };
		B32BA45D22AFC0EC008D839E /* Info.plist */ = {isa = PBXFileReference; lastKnownFileType = text.plist.xml; path = Info.plist; sourceTree = "<group>"; };
		B32BA46222AFC0EC008D839E /* ExamentimerUITests.xctest */ = {isa = PBXFileReference; explicitFileType = wrapper.cfbundle; includeInIndex = 0; path = ExamentimerUITests.xctest; sourceTree = BUILT_PRODUCTS_DIR; };
		B32BA46622AFC0EC008D839E /* ExamentimerUITests.swift */ = {isa = PBXFileReference; lastKnownFileType = sourcecode.swift; path = ExamentimerUITests.swift; sourceTree = "<group>"; };
		B32BA46822AFC0EC008D839E /* Info.plist */ = {isa = PBXFileReference; lastKnownFileType = text.plist.xml; path = Info.plist; sourceTree = "<group>"; };
/* End PBXFileReference section */

/* Begin PBXFrameworksBuildPhase section */
		B32BA43D22AFC0E9008D839E /* Frameworks */ = {
			isa = PBXFrameworksBuildPhase;
			buildActionMask = 2147483647;
			files = (
			);
			runOnlyForDeploymentPostprocessing = 0;
		};
		B32BA45422AFC0EC008D839E /* Frameworks */ = {
			isa = PBXFrameworksBuildPhase;
			buildActionMask = 2147483647;
			files = (
			);
			runOnlyForDeploymentPostprocessing = 0;
		};
		B32BA45F22AFC0EC008D839E /* Frameworks */ = {
			isa = PBXFrameworksBuildPhase;
			buildActionMask = 2147483647;
			files = (
			);
			runOnlyForDeploymentPostprocessing = 0;
		};
/* End PBXFrameworksBuildPhase section */

/* Begin PBXGroup section */
		B32BA43722AFC0E9008D839E = {
			isa = PBXGroup;
			children = (
				B32BA44222AFC0E9008D839E /* Examentimer */,
				B32BA45A22AFC0EC008D839E /* ExamentimerTests */,
				B32BA46522AFC0EC008D839E /* ExamentimerUITests */,
				B32BA44122AFC0E9008D839E /* Products */,
			);
			sourceTree = "<group>";
		};
		B32BA44122AFC0E9008D839E /* Products */ = {
			isa = PBXGroup;
			children = (
				B32BA44022AFC0E9008D839E /* Examentimer.app */,
				B32BA45722AFC0EC008D839E /* ExamentimerTests.xctest */,
				B32BA46222AFC0EC008D839E /* ExamentimerUITests.xctest */,
			);
			name = Products;
			sourceTree = "<group>";
		};
		B32BA44222AFC0E9008D839E /* Examentimer */ = {
			isa = PBXGroup;
			children = (
				B32BA44322AFC0E9008D839E /* AppDelegate.swift */,
				B32BA44522AFC0E9008D839E /* ViewController.swift */,
				B32BA44722AFC0E9008D839E /* Main.storyboard */,
				B32BA44D22AFC0EC008D839E /* Assets.xcassets */,
				B32BA44F22AFC0EC008D839E /* LaunchScreen.storyboard */,
				B32BA45222AFC0EC008D839E /* Info.plist */,
				B32BA44A22AFC0E9008D839E /* Examentimer.xcdatamodeld */,
			);
			path = Examentimer;
			sourceTree = "<group>";
		};
		B32BA45A22AFC0EC008D839E /* ExamentimerTests */ = {
			isa = PBXGroup;
			children = (
				B32BA45B22AFC0EC008D839E /* ExamentimerTests.swift */,
				B32BA45D22AFC0EC008D839E /* Info.plist */,
			);
			path = ExamentimerTests;
			sourceTree = "<group>";
		};
		B32BA46522AFC0EC008D839E /* ExamentimerUITests */ = {
			isa = PBXGroup;
			children = (
				B32BA46622AFC0EC008D839E /* ExamentimerUITests.swift */,
				B32BA46822AFC0EC008D839E /* Info.plist */,
			);
			path = ExamentimerUITests;
			sourceTree = "<group>";
		};
/* End PBXGroup section */

/* Begin PBXNativeTarget section */
		B32BA43F22AFC0E9008D839E /* Examentimer */ = {
			isa = PBXNativeTarget;
			buildConfigurationList = B32BA46B22AFC0EC008D839E /* Build configuration list for PBXNativeTarget "Examentimer" */;
			buildPhases = (
				B32BA43C22AFC0E9008D839E /* Sources */,
				B32BA43D22AFC0E9008D839E /* Frameworks */,
				B32BA43E22AFC0E9008D839E /* Resources */,
			);
			buildRules = (
			);
			dependencies = (
			);
			name = Examentimer;
			productName = Examentimer;
			productReference = B32BA44022AFC0E9008D839E /* Examentimer.app */;
			productType = "com.apple.product-type.application";
		};
		B32BA45622AFC0EC008D839E /* ExamentimerTests */ = {
			isa = PBXNativeTarget;
			buildConfigurationList = B32BA46E22AFC0EC008D839E /* Build configuration list for PBXNativeTarget "ExamentimerTests" */;
			buildPhases = (
				B32BA45322AFC0EC008D839E /* Sources */,
				B32BA45422AFC0EC008D839E /* Frameworks */,
				B32BA45522AFC0EC008D839E /* Resources */,
			);
			buildRules = (
			);
			dependencies = (
				B32BA45922AFC0EC008D839E /* PBXTargetDependency */,
			);
			name = ExamentimerTests;
			productName = ExamentimerTests;
			productReference = B32BA45722AFC0EC008D839E /* ExamentimerTests.xctest */;
			productType = "com.apple.product-type.bundle.unit-test";
		};
		B32BA46122AFC0EC008D839E /* ExamentimerUITests */ = {
			isa = PBXNativeTarget;
			buildConfigurationList = B32BA47122AFC0EC008D839E /* Build configuration list for PBXNativeTarget "ExamentimerUITests" */;
			buildPhases = (
				B32BA45E22AFC0EC008D839E /* Sources */,
				B32BA45F22AFC0EC008D839E /* Frameworks */,
				B32BA46022AFC0EC008D839E /* Resources */,
			);
			buildRules = (
			);
			dependencies = (
				B32BA46422AFC0EC008D839E /* PBXTargetDependency */,
			);
			name = ExamentimerUITests;
			productName = ExamentimerUITests;
			productReference = B32BA46222AFC0EC008D839E /* ExamentimerUITests.xctest */;
			productType = "com.apple.product-type.bundle.ui-testing";
		};
/* End PBXNativeTarget section */

/* Begin PBXProject section */
		B32BA43822AFC0E9008D839E /* Project object */ = {
			isa = PBXProject;
			attributes = {
				LastSwiftUpdateCheck = 1010;
				LastUpgradeCheck = 1010;
				ORGANIZATIONNAME = Acheros;
				TargetAttributes = {
					B32BA43F22AFC0E9008D839E = {
						CreatedOnToolsVersion = 10.1;
					};
					B32BA45622AFC0EC008D839E = {
						CreatedOnToolsVersion = 10.1;
						TestTargetID = B32BA43F22AFC0E9008D839E;
					};
					B32BA46122AFC0EC008D839E = {
						CreatedOnToolsVersion = 10.1;
						TestTargetID = B32BA43F22AFC0E9008D839E;
					};
				};
			};
			buildConfigurationList = B32BA43B22AFC0E9008D839E /* Build configuration list for PBXProject "Examentimer" */;
			compatibilityVersion = "Xcode 9.3";
			developmentRegion = en;
			hasScannedForEncodings = 0;
			knownRegions = (
				en,
				Base,
			);
			mainGroup = B32BA43722AFC0E9008D839E;
			productRefGroup = B32BA44122AFC0E9008D839E /* Products */;
			projectDirPath = "";
			projectRoot = "";
			targets = (
				B32BA43F22AFC0E9008D839E /* Examentimer */,
				B32BA45622AFC0EC008D839E /* ExamentimerTests */,
				B32BA46122AFC0EC008D839E /* ExamentimerUITests */,
			);
		};
/* End PBXProject section */

/* Begin PBXResourcesBuildPhase section */
		B32BA43E22AFC0E9008D839E /* Resources */ = {
			isa = PBXResourcesBuildPhase;
			buildActionMask = 2147483647;
			files = (
				B32BA45122AFC0EC008D839E /* LaunchScreen.storyboard in Resources */,
				B32BA44E22AFC0EC008D839E /* Assets.xcassets in Resources */,
				B32BA44922AFC0E9008D839E /* Main.storyboard in Resources */,
			);
			runOnlyForDeploymentPostprocessing = 0;
		};
		B32BA45522AFC0EC008D839E /* Resources */ = {
			isa = PBXResourcesBuildPhase;
			buildActionMask = 2147483647;
			files = (
			);
			runOnlyForDeploymentPostprocessing = 0;
		};
		B32BA46022AFC0EC008D839E /* Resources */ = {
			isa = PBXResourcesBuildPhase;
			buildActionMask = 2147483647;
			files = (
			);
			runOnlyForDeploymentPostprocessing = 0;
		};
/* End PBXResourcesBuildPhase section */

/* Begin PBXSourcesBuildPhase section */
		B32BA43C22AFC0E9008D839E /* Sources */ = {
			isa = PBXSourcesBuildPhase;
			buildActionMask = 2147483647;
			files = (
				B32BA44622AFC0E9008D839E /* ViewController.swift in Sources */,
				B32BA44C22AFC0E9008D839E /* Examentimer.xcdatamodeld in Sources */,
				B32BA44422AFC0E9008D839E /* AppDelegate.swift in Sources */,
			);
			runOnlyForDeploymentPostprocessing = 0;
		};
		B32BA45322AFC0EC008D839E /* Sources */ = {
			isa = PBXSourcesBuildPhase;
			buildActionMask = 2147483647;
			files = (
				B32BA45C22AFC0EC008D839E /* ExamentimerTests.swift in Sources */,
			);
			runOnlyForDeploymentPostprocessing = 0;
		};
		B32BA45E22AFC0EC008D839E /* Sources */ = {
			isa = PBXSourcesBuildPhase;
			buildActionMask = 2147483647;
			files = (
				B32BA46722AFC0EC008D839E /* ExamentimerUITests.swift in Sources */,
			);
			runOnlyForDeploymentPostprocessing = 0;
		};
/* End PBXSourcesBuildPhase section */

/* Begin PBXTargetDependency section */
		B32BA45922AFC0EC008D839E /* PBXTargetDependency */ = {
			isa = PBXTargetDependency;
			target = B32BA43F22AFC0E9008D839E /* Examentimer */;
			targetProxy = B32BA45822AFC0EC008D839E /* PBXContainerItemProxy */;
		};
		B32BA46422AFC0EC008D839E /* PBXTargetDependency */ = {
			isa = PBXTargetDependency;
			target = B32BA43F22AFC0E9008D839E /* Examentimer */;
			targetProxy = B32BA46322AFC0EC008D839E /* PBXContainerItemProxy */;
		};
/* End PBXTargetDependency section */

/* Begin PBXVariantGroup section */
		B32BA44722AFC0E9008D839E /* Main.storyboard */ = {
			isa = PBXVariantGroup;
			children = (
				B32BA44822AFC0E9008D839E /* Base */,
			);
			name = Main.storyboard;
			sourceTree = "<group>";
		};
		B32BA44F22AFC0EC008D839E /* LaunchScreen.storyboard */ = {
			isa = PBXVariantGroup;
			children = (
				B32BA45022AFC0EC008D839E /* Base */,
			);
			name = LaunchScreen.storyboard;
			sourceTree = "<group>";
		};
/* End PBXVariantGroup section */

/* Begin XCBuildConfiguration section */
		B32BA46922AFC0EC008D839E /* Debug */ = {
			isa = XCBuildConfiguration;
			buildSettings = {
				ALWAYS_SEARCH_USER_PATHS = NO;
				CLANG_ANALYZER_NONNULL = YES;
				CLANG_ANALYZER_NUMBER_OBJECT_CONVERSION = YES_AGGRESSIVE;
				CLANG_CXX_LANGUAGE_STANDARD = "gnu++14";
				CLANG_CXX_LIBRARY = "libc++";
				CLANG_ENABLE_MODULES = YES;
				CLANG_ENABLE_OBJC_ARC = YES;
				CLANG_ENABLE_OBJC_WEAK = YES;
				CLANG_WARN_BLOCK_CAPTURE_AUTORELEASING = YES;
				CLANG_WARN_BOOL_CONVERSION = YES;
				CLANG_WARN_COMMA = YES;
				CLANG_WARN_CONSTANT_CONVERSION = YES;
				CLANG_WARN_DEPRECATED_OBJC_IMPLEMENTATIONS = YES;
				CLANG_WARN_DIRECT_OBJC_ISA_USAGE = YES_ERROR;
				CLANG_WARN_DOCUMENTATION_COMMENTS = YES;
				CLANG_WARN_EMPTY_BODY = YES;
				CLANG_WARN_ENUM_CONVERSION = YES;
				CLANG_WARN_INFINITE_RECURSION = YES;
				CLANG_WARN_INT_CONVERSION = YES;
				CLANG_WARN_NON_LITERAL_NULL_CONVERSION = YES;
				CLANG_WARN_OBJC_IMPLICIT_RETAIN_SELF = YES;
				CLANG_WARN_OBJC_LITERAL_CONVERSION = YES;
				CLANG_WARN_OBJC_ROOT_CLASS = YES_ERROR;
				CLANG_WARN_RANGE_LOOP_ANALYSIS = YES;
				CLANG_WARN_STRICT_PROTOTYPES = YES;
				CLANG_WARN_SUSPICIOUS_MOVE = YES;
				CLANG_WARN_UNGUARDED_AVAILABILITY = YES_AGGRESSIVE;
				CLANG_WARN_UNREACHABLE_CODE = YES;
				CLANG_WARN__DUPLICATE_METHOD_MATCH = YES;
				CODE_SIGN_IDENTITY = "iPhone Developer";
				COPY_PHASE_STRIP = NO;
				DEBUG_INFORMATION_FORMAT = dwarf;
				ENABLE_STRICT_OBJC_MSGSEND = YES;
				ENABLE_TESTABILITY = YES;
				GCC_C_LANGUAGE_STANDARD = gnu11;
				GCC_DYNAMIC_NO_PIC = NO;
				GCC_NO_COMMON_BLOCKS = YES;
				GCC_OPTIMIZATION_LEVEL = 0;
				GCC_PREPROCESSOR_DEFINITIONS = (
					"DEBUG=1",
					"$(inherited)",
				);
				GCC_WARN_64_TO_32_BIT_CONVERSION = YES;
				GCC_WARN_ABOUT_RETURN_TYPE = YES_ERROR;
				GCC_WARN_UNDECLARED_SELECTOR = YES;
				GCC_WARN_UNINITIALIZED_AUTOS = YES_AGGRESSIVE;
				GCC_WARN_UNUSED_FUNCTION = YES;
				GCC_WARN_UNUSED_VARIABLE = YES;
				IPHONEOS_DEPLOYMENT_TARGET = 12.1;
				MTL_ENABLE_DEBUG_INFO = INCLUDE_SOURCE;
				MTL_FAST_MATH = YES;
				ONLY_ACTIVE_ARCH = YES;
				SDKROOT = iphoneos;
				SWIFT_ACTIVE_COMPILATION_CONDITIONS = DEBUG;
				SWIFT_OPTIMIZATION_LEVEL = "-Onone";
			};
			name = Debug;
		};
		B32BA46A22AFC0EC008D839E /* Release */ = {
			isa = XCBuildConfiguration;
			buildSettings = {
				ALWAYS_SEARCH_USER_PATHS = NO;
				CLANG_ANALYZER_NONNULL = YES;
				CLANG_ANALYZER_NUMBER_OBJECT_CONVERSION = YES_AGGRESSIVE;
				CLANG_CXX_LANGUAGE_STANDARD = "gnu++14";
				CLANG_CXX_LIBRARY = "libc++";
				CLANG_ENABLE_MODULES = YES;
				CLANG_ENABLE_OBJC_ARC = YES;
				CLANG_ENABLE_OBJC_WEAK = YES;
				CLANG_WARN_BLOCK_CAPTURE_AUTORELEASING = YES;
				CLANG_WARN_BOOL_CONVERSION = YES;
				CLANG_WARN_COMMA = YES;
				CLANG_WARN_CONSTANT_CONVERSION = YES;
				CLANG_WARN_DEPRECATED_OBJC_IMPLEMENTATIONS = YES;
				CLANG_WARN_DIRECT_OBJC_ISA_USAGE = YES_ERROR;
				CLANG_WARN_DOCUMENTATION_COMMENTS = YES;
				CLANG_WARN_EMPTY_BODY = YES;
				CLANG_WARN_ENUM_CONVERSION = YES;
				CLANG_WARN_INFINITE_RECURSION = YES;
				CLANG_WARN_INT_CONVERSION = YES;
				CLANG_WARN_NON_LITERAL_NULL_CONVERSION = YES;
				CLANG_WARN_OBJC_IMPLICIT_RETAIN_SELF = YES;
				CLANG_WARN_OBJC_LITERAL_CONVERSION = YES;
				CLANG_WARN_OBJC_ROOT_CLASS = YES_ERROR;
				CLANG_WARN_RANGE_LOOP_ANALYSIS = YES;
				CLANG_WARN_STRICT_PROTOTYPES = YES;
				CLANG_WARN_SUSPICIOUS_MOVE = YES;
				CLANG_WARN_UNGUARDED_AVAILABILITY = YES_AGGRESSIVE;
				CLANG_WARN_UNREACHABLE_CODE = YES;
				CLANG_WARN__DUPLICATE_METHOD_MATCH = YES;
				CODE_SIGN_IDENTITY = "iPhone Developer";
				COPY_PHASE_STRIP = NO;
				DEBUG_INFORMATION_FORMAT = "dwarf-with-dsym";
				ENABLE_NS_ASSERTIONS = NO;
				ENABLE_STRICT_OBJC_MSGSEND = YES;
				GCC_C_LANGUAGE_STANDARD = gnu11;
				GCC_NO_COMMON_BLOCKS = YES;
				GCC_WARN_64_TO_32_BIT_CONVERSION = YES;
				GCC_WARN_ABOUT_RETURN_TYPE = YES_ERROR;
				GCC_WARN_UNDECLARED_SELECTOR = YES;
				GCC_WARN_UNINITIALIZED_AUTOS = YES_AGGRESSIVE;
				GCC_WARN_UNUSED_FUNCTION = YES;
				GCC_WARN_UNUSED_VARIABLE = YES;
				IPHONEOS_DEPLOYMENT_TARGET = 12.1;
				MTL_ENABLE_DEBUG_INFO = NO;
				MTL_FAST_MATH = YES;
				SDKROOT = iphoneos;
				SWIFT_COMPILATION_MODE = wholemodule;
				SWIFT_OPTIMIZATION_LEVEL = "-O";
				VALIDATE_PRODUCT = YES;
			};
			name = Release;
		};
		B32BA46C22AFC0EC008D839E /* Debug */ = {
			isa = XCBuildConfiguration;
			buildSettings = {
				ASSETCATALOG_COMPILER_APPICON_NAME = AppIcon;
				CODE_SIGN_STYLE = Automatic;
				DEVELOPMENT_TEAM = ME8L55L8W3;
				INFOPLIST_FILE = Examentimer/Info.plist;
				LD_RUNPATH_SEARCH_PATHS = (
					"$(inherited)",
					"@executable_path/Frameworks",
				);
				PRODUCT_BUNDLE_IDENTIFIER = acheros.Examentimer;
				PRODUCT_NAME = "$(TARGET_NAME)";
				SWIFT_VERSION = 4.2;
				TARGETED_DEVICE_FAMILY = "1,2";
			};
			name = Debug;
		};
		B32BA46D22AFC0EC008D839E /* Release */ = {
			isa = XCBuildConfiguration;
			buildSettings = {
				ASSETCATALOG_COMPILER_APPICON_NAME = AppIcon;
				CODE_SIGN_STYLE = Automatic;
				DEVELOPMENT_TEAM = ME8L55L8W3;
				INFOPLIST_FILE = Examentimer/Info.plist;
				LD_RUNPATH_SEARCH_PATHS = (
					"$(inherited)",
					"@executable_path/Frameworks",
				);
				PRODUCT_BUNDLE_IDENTIFIER = acheros.Examentimer;
				PRODUCT_NAME = "$(TARGET_NAME)";
				SWIFT_VERSION = 4.2;
				TARGETED_DEVICE_FAMILY = "1,2";
			};
			name = Release;
		};
		B32BA46F22AFC0EC008D839E /* Debug */ = {
			isa = XCBuildConfiguration;
			buildSettings = {
				ALWAYS_EMBED_SWIFT_STANDARD_LIBRARIES = YES;
				BUNDLE_LOADER = "$(TEST_HOST)";
				CODE_SIGN_STYLE = Automatic;
				DEVELOPMENT_TEAM = ME8L55L8W3;
				INFOPLIST_FILE = ExamentimerTests/Info.plist;
				LD_RUNPATH_SEARCH_PATHS = (
					"$(inherited)",
					"@executable_path/Frameworks",
					"@loader_path/Frameworks",
				);
				PRODUCT_BUNDLE_IDENTIFIER = acheros.ExamentimerTests;
				PRODUCT_NAME = "$(TARGET_NAME)";
				SWIFT_VERSION = 4.2;
				TARGETED_DEVICE_FAMILY = "1,2";
				TEST_HOST = "$(BUILT_PRODUCTS_DIR)/Examentimer.app/Examentimer";
			};
			name = Debug;
		};
		B32BA47022AFC0EC008D839E /* Release */ = {
			isa = XCBuildConfiguration;
			buildSettings = {
				ALWAYS_EMBED_SWIFT_STANDARD_LIBRARIES = YES;
				BUNDLE_LOADER = "$(TEST_HOST)";
				CODE_SIGN_STYLE = Automatic;
				DEVELOPMENT_TEAM = ME8L55L8W3;
				INFOPLIST_FILE = ExamentimerTests/Info.plist;
				LD_RUNPATH_SEARCH_PATHS = (
					"$(inherited)",
					"@executable_path/Frameworks",
					"@loader_path/Frameworks",
				);
				PRODUCT_BUNDLE_IDENTIFIER = acheros.ExamentimerTests;
				PRODUCT_NAME = "$(TARGET_NAME)";
				SWIFT_VERSION = 4.2;
				TARGETED_DEVICE_FAMILY = "1,2";
				TEST_HOST = "$(BUILT_PRODUCTS_DIR)/Examentimer.app/Examentimer";
			};
			name = Release;
		};
		B32BA47222AFC0EC008D839E /* Debug */ = {
			isa = XCBuildConfiguration;
			buildSettings = {
				ALWAYS_EMBED_SWIFT_STANDARD_LIBRARIES = YES;
				CODE_SIGN_STYLE = Automatic;
				DEVELOPMENT_TEAM = ME8L55L8W3;
				INFOPLIST_FILE = ExamentimerUITests/Info.plist;
				LD_RUNPATH_SEARCH_PATHS = (
					"$(inherited)",
					"@executable_path/Frameworks",
					"@loader_path/Frameworks",
				);
				PRODUCT_BUNDLE_IDENTIFIER = acheros.ExamentimerUITests;
				PRODUCT_NAME = "$(TARGET_NAME)";
				SWIFT_VERSION = 4.2;
				TARGETED_DEVICE_FAMILY = "1,2";
				TEST_TARGET_NAME = Examentimer;
			};
			name = Debug;
		};
		B32BA47322AFC0EC008D839E /* Release */ = {
			isa = XCBuildConfiguration;
			buildSettings = {
				ALWAYS_EMBED_SWIFT_STANDARD_LIBRARIES = YES;
				CODE_SIGN_STYLE = Automatic;
				DEVELOPMENT_TEAM = ME8L55L8W3;
				INFOPLIST_FILE = ExamentimerUITests/Info.plist;
				LD_RUNPATH_SEARCH_PATHS = (
					"$(inherited)",
					"@executable_path/Frameworks",
					"@loader_path/Frameworks",
				);
				PRODUCT_BUNDLE_IDENTIFIER = acheros.ExamentimerUITests;
				PRODUCT_NAME = "$(TARGET_NAME)";
				SWIFT_VERSION = 4.2;
				TARGETED_DEVICE_FAMILY = "1,2";
				TEST_TARGET_NAME = Examentimer;
			};
			name = Release;
		};
/* End XCBuildConfiguration section */

/* Begin XCConfigurationList section */
		B32BA43B22AFC0E9008D839E /* Build configuration list for PBXProject "Examentimer" */ = {
			isa = XCConfigurationList;
			buildConfigurations = (
				B32BA46922AFC0EC008D839E /* Debug */,
				B32BA46A22AFC0EC008D839E /* Release */,
			);
			defaultConfigurationIsVisible = 0;
			defaultConfigurationName = Release;
		};
		B32BA46B22AFC0EC008D839E /* Build configuration list for PBXNativeTarget "Examentimer" */ = {
			isa = XCConfigurationList;
			buildConfigurations = (
				B32BA46C22AFC0EC008D839E /* Debug */,
				B32BA46D22AFC0EC008D839E /* Release */,
			);
			defaultConfigurationIsVisible = 0;
			defaultConfigurationName = Release;
		};
		B32BA46E22AFC0EC008D839E /* Build configuration list for PBXNativeTarget "ExamentimerTests" */ = {
			isa = XCConfigurationList;
			buildConfigurations = (
				B32BA46F22AFC0EC008D839E /* Debug */,
				B32BA47022AFC0EC008D839E /* Release */,
			);
			defaultConfigurationIsVisible = 0;
			defaultConfigurationName = Release;
		};
		B32BA47122AFC0EC008D839E /* Build configuration list for PBXNativeTarget "ExamentimerUITests" */ = {
			isa = XCConfigurationList;
			buildConfigurations = (
				B32BA47222AFC0EC008D839E /* Debug */,
				B32BA47322AFC0EC008D839E /* Release */,
			);
			defaultConfigurationIsVisible = 0;
			defaultConfigurationName = Release;
		};
/* End XCConfigurationList section */

/* Begin XCVersionGroup section */
		B32BA44A22AFC0E9008D839E /* Examentimer.xcdatamodeld */ = {
			isa = XCVersionGroup;
			children = (
				B32BA44B22AFC0E9008D839E /* Examentimer.xcdatamodel */,
			);
			currentVersion = B32BA44B22AFC0E9008D839E /* Examentimer.xcdatamodel */;
			path = Examentimer.xcdatamodeld;
			sourceTree = "<group>";
			versionGroupType = wrapper.xcdatamodel;
		};
/* End XCVersionGroup section */
	};
	rootObject = B32BA43822AFC0E9008D839E /* Project object */;
}
